
Microsoft Visual Studio Solution File, Format Version 12.00
# Visual Studio 15
VisualStudioVersion = 15.0.28307.572
MinimumVisualStudioVersion = 10.0.40219.1
Project("{FAE04EC0-301F-11D3-BF4B-00C04F79EFBC}") = "MenaWeb", "MenaWeb\MenaWeb.csproj", "{45B2BBDA-2DA1-4DC8-A687-3FE971D55385}"
EndProject
Global
	GlobalSection(SolutionConfigurationPlatforms) = preSolution
		Debug|Any CPU = Debug|Any CPU
		Release|Any CPU = Release|Any CPU
	EndGlobalSection
	GlobalSection(ProjectConfigurationPlatforms) = postSolution
		{45B2BBDA-2DA1-4DC8-A687-3FE971D55385}.Debug|Any CPU.ActiveCfg = Debug|Any CPU
		{45B2BBDA-2DA1-4DC8-A687-3FE971D55385}.Debug|Any CPU.Build.0 = Debug|Any CPU
		{45B2BBDA-2DA1-4DC8-A687-3FE971D55385}.Release|Any CPU.ActiveCfg = Release|Any CPU
		{45B2BBDA-2DA1-4DC8-A687-3FE971D55385}.Release|Any CPU.Build.0 = Release|Any CPU
	EndGlobalSection
	GlobalSection(SolutionProperties) = preSolution
		HideSolutionNode = FALSE
	EndGlobalSection
	GlobalSection(ExtensibilityGlobals) = postSolution
		SolutionGuid = {6EC6873E-C187-4ED6-9096-6D358482C1E6}
	EndGlobalSection
EndGlobal
